
Microsoft Visual Studio Solution File, Format Version 12.00
# Visual Studio Version 17
VisualStudioVersion = 17.14.36310.24 d17.14
MinimumVisualStudioVersion = 10.0.40219.1
Project("{FAE04EC0-301F-11D3-BF4B-00C04F79EFBC}") = "ChatAppSales", "ChatAppSales\ChatAppSales.csproj", "{4072B477-0DC5-EA9A-B3CE-9B2BC0AF5F99}"
EndProject
Global
	GlobalSection(SolutionConfigurationPlatforms) = preSolution
		Debug|Any CPU = Debug|Any CPU
		Release|Any CPU = Release|Any CPU
	EndGlobalSection
	GlobalSection(ProjectConfigurationPlatforms) = postSolution
		{4072B477-0DC5-EA9A-B3CE-9B2BC0AF5F99}.Debug|Any CPU.ActiveCfg = Debug|Any CPU
		{4072B477-0DC5-EA9A-B3CE-9B2BC0AF5F99}.Debug|Any CPU.Build.0 = Debug|Any CPU
		{4072B477-0DC5-EA9A-B3CE-9B2BC0AF5F99}.Release|Any CPU.ActiveCfg = Release|Any CPU
		{4072B477-0DC5-EA9A-B3CE-9B2BC0AF5F99}.Release|Any CPU.Build.0 = Release|Any CPU
	EndGlobalSection
	GlobalSection(SolutionProperties) = preSolution
		HideSolutionNode = FALSE
	EndGlobalSection
	GlobalSection(ExtensibilityGlobals) = postSolution
		SolutionGuid = {20332721-EB32-49EC-BB83-6894F9623991}
	EndGlobalSection
EndGlobal
